<?xml version="1.0" encoding="utf-8"?>
<Project ToolsVersion="4.0" xmlns="http://schemas.microsoft.com/developer/msbuild/2003">
  <ItemGroup>
    <Filter Include="Source Files">
      <UniqueIdentifier>{4FC737F1-C7A5-4376-A066-2A32D752A2FF}</UniqueIdentifier>
      <Extensions>cpp;c;cc;cxx;def;odl;idl;hpj;bat;asm;asmx</Extensions>
    </Filter>
    <Filter Include="Header Files">
      <UniqueIdentifier>{93995380-89BD-4b04-88EB-625FBE52EBFB}</UniqueIdentifier>
      <Extensions>h;hh;hpp;hxx;hm;inl;inc;xsd</Extensions>
    </Filter>
    <Filter Include="Week1">
      <UniqueIdentifier>{6469432c-2a1e-411f-a745-f6b8fe556dad}</UniqueIdentifier>
    </Filter>
    <Filter Include="Assets">
      <UniqueIdentifier>{90f7b5e1-fcec-42a8-82b5-c02a9d96d1c6}</UniqueIdentifier>
    </Filter>
    <Filter Include="Header Files\Util">
      <UniqueIdentifier>{d7b9194b-baef-4c3d-b3a9-a108df1ca15e}</UniqueIdentifier>
    </Filter>
    <Filter Include="Source Files\Util">
      <UniqueIdentifier>{6a07e467-96b3-43ee-96cb-66513926667a}</UniqueIdentifier>
    </Filter>
    <Filter Include="Source Files\Model">
      <UniqueIdentifier>{eab6137d-192e-48d4-aab6-894a0d9816ed}</UniqueIdentifier>
    </Filter>
    <Filter Include="Source Files\Factory">
      <UniqueIdentifier>{20adf6ff-8c5e-4492-903d-1b046b61014c}</UniqueIdentifier>
    </Filter>
    <Filter Include="Source Files\State">
      <UniqueIdentifier>{e0910211-6368-4be5-aeba-6a2031800aec}</UniqueIdentifier>
    </Filter>
    <Filter Include="Header Files\Model">
      <UniqueIdentifier>{b83e78c3-f1d1-435c-a8b4-5201717ec590}</UniqueIdentifier>
    </Filter>
    <Filter Include="Header Files\State">
      <UniqueIdentifier>{39ee9237-c3f9-4477-a495-00353ebd05b2}</UniqueIdentifier>
    </Filter>
    <Filter Include="Header Files\Factory">
      <UniqueIdentifier>{cdcca9e1-5370-488b-9c96-bfd9a8f4d26a}</UniqueIdentifier>
    </Filter>
  </ItemGroup>
  <ItemGroup>
    <ClCompile Include="Main.cpp">
      <Filter>Source Files</Filter>
    </ClCompile>
    <ClCompile Include="FWApplication.cpp">
      <Filter>Source Files</Filter>
    </ClCompile>
    <ClCompile Include="NumberUtility.cpp">
      <Filter>Source Files\Util</Filter>
    </ClCompile>
    <ClCompile Include="ChaseRabbitState.cpp">
      <Filter>Source Files\State</Filter>
    </ClCompile>
    <ClCompile Include="GameState.cpp">
      <Filter>Source Files\State</Filter>
    </ClCompile>
    <ClCompile Include="RespawningState.cpp">
      <Filter>Source Files\State</Filter>
    </ClCompile>
    <ClCompile Include="SearchPillState.cpp">
      <Filter>Source Files\State</Filter>
    </ClCompile>
    <ClCompile Include="SearchState.cpp">
      <Filter>Source Files\State</Filter>
    </ClCompile>
    <ClCompile Include="SearchWeaponState.cpp">
      <Filter>Source Files\State</Filter>
    </ClCompile>
    <ClCompile Include="ShootState.cpp">
      <Filter>Source Files\State</Filter>
    </ClCompile>
    <ClCompile Include="WanderingState.cpp">
      <Filter>Source Files\State</Filter>
    </ClCompile>
    <ClCompile Include="Cow.cpp">
      <Filter>Source Files\Model</Filter>
    </ClCompile>
    <ClCompile Include="Edge.cpp">
      <Filter>Source Files\Model</Filter>
    </ClCompile>
    <ClCompile Include="Node.cpp">
      <Filter>Source Files\Model</Filter>
    </ClCompile>
    <ClCompile Include="Pill.cpp">
      <Filter>Source Files\Model</Filter>
    </ClCompile>
    <ClCompile Include="Rabbit.cpp">
      <Filter>Source Files\Model</Filter>
    </ClCompile>
    <ClCompile Include="Weapon.cpp">
      <Filter>Source Files\Model</Filter>
    </ClCompile>
    <ClCompile Include="AliveGameObject.cpp">
      <Filter>Source Files\Model</Filter>
    </ClCompile>
    <ClCompile Include="StateFactory.cpp">
      <Filter>Source Files\Factory</Filter>
    </ClCompile>
  </ItemGroup>
  <ItemGroup>
    <None Include="SDL2.dll" />
  </ItemGroup>
  <ItemGroup>
    <ClInclude Include="Config.h">
      <Filter>Header Files</Filter>
    </ClInclude>
    <ClInclude Include="FWApplication.h">
      <Filter>Header Files</Filter>
    </ClInclude>
    <ClInclude Include="NumberUtility.h">
      <Filter>Header Files\Util</Filter>
    </ClInclude>
    <ClInclude Include="AliveGameObject.h">
      <Filter>Header Files\Model</Filter>
    </ClInclude>
    <ClInclude Include="Cow.h">
      <Filter>Header Files\Model</Filter>
    </ClInclude>
    <ClInclude Include="Edge.h">
      <Filter>Header Files\Model</Filter>
    </ClInclude>
    <ClInclude Include="Node.h">
      <Filter>Header Files\Model</Filter>
    </ClInclude>
    <ClInclude Include="Pill.h">
      <Filter>Header Files\Model</Filter>
    </ClInclude>
    <ClInclude Include="Rabbit.h">
      <Filter>Header Files\Model</Filter>
    </ClInclude>
    <ClInclude Include="Weapon.h">
      <Filter>Header Files\Model</Filter>
    </ClInclude>
    <ClInclude Include="StateFactory.h">
      <Filter>Header Files\Factory</Filter>
    </ClInclude>
    <ClInclude Include="WanderingState.h">
      <Filter>Header Files\State</Filter>
    </ClInclude>
    <ClInclude Include="ShootState.h">
      <Filter>Header Files\State</Filter>
    </ClInclude>
    <ClInclude Include="SearchWeaponState.h">
      <Filter>Header Files\State</Filter>
    </ClInclude>
    <ClInclude Include="SearchState.h">
      <Filter>Header Files\State</Filter>
    </ClInclude>
    <ClInclude Include="SearchPillState.h">
      <Filter>Header Files\State</Filter>
    </ClInclude>
    <ClInclude Include="RespawningState.h">
      <Filter>Header Files\State</Filter>
    </ClInclude>
    <ClInclude Include="GameState.h">
      <Filter>Header Files\State</Filter>
    </ClInclude>
    <ClInclude Include="ChaseRabbitState.h">
      <Filter>Header Files\State</Filter>
    </ClInclude>
    <ClInclude Include="IGameObject.h">
      <Filter>Header Files\Model</Filter>
    </ClInclude>
  </ItemGroup>
  <ItemGroup>
    <Image Include="..\Resources\cow-2.png">
      <Filter>Assets</Filter>
    </Image>
    <Image Include="..\Resources\games-6.png">
      <Filter>Assets</Filter>
    </Image>
    <Image Include="..\Resources\gun-metal.png">
      <Filter>Assets</Filter>
    </Image>
    <Image Include="..\Resources\lemmling_Cartoon_cow.png">
      <Filter>Assets</Filter>
    </Image>
    <Image Include="..\Resources\pill.png">
      <Filter>Assets</Filter>
    </Image>
    <Image Include="..\Resources\rabbit-2.png">
      <Filter>Assets</Filter>
    </Image>
    <Image Include="..\Resources\rabbit-3.png">
      <Filter>Assets</Filter>
    </Image>
    <Image Include="..\Resources\SAA0625.gif">
      <Filter>Assets</Filter>
    </Image>
    <Image Include="..\Resources\cat.bmp">
      <Filter>Assets</Filter>
    </Image>
    <Image Include="..\Resources\cow-1.png">
      <Filter>Assets</Filter>
    </Image>
    <Image Include="..\Resources\Node.png">
      <Filter>Assets</Filter>
    </Image>
  </ItemGroup>
  <ItemGroup>
    <Font Include="..\Resources\OpenSans-Regular.ttf">
      <Filter>Assets</Filter>
    </Font>
  </ItemGroup>
</Project>